// !$*UTF8*$!
{
	archiveVersion = 1;
	classes = {
	};
	objectVersion = 60;
	objects = {

/* Begin PBXBuildFile section */
		E37265452ACD4A0C00E8997D /* CheckoutView.swift in Sources */ = {isa = PBXBuildFile; fileRef = E37265442ACD4A0C00E8997D /* CheckoutView.swift */; };
		E37265472ACD4F0F00E8997D /* ResultView.swift in Sources */ = {isa = PBXBuildFile; fileRef = E37265462ACD4F0F00E8997D /* ResultView.swift */; };
		E37265492ACD4F5600E8997D /* PlayerResultView.swift in Sources */ = {isa = PBXBuildFile; fileRef = E37265482ACD4F5600E8997D /* PlayerResultView.swift */; };
		E372654B2ACDE01B00E8997D /* Result.swift in Sources */ = {isa = PBXBuildFile; fileRef = E372654A2ACDE01B00E8997D /* Result.swift */; };
		E372654E2ACE00CA00E8997D /* EffectsLibrary in Frameworks */ = {isa = PBXBuildFile; productRef = E372654D2ACE00CA00E8997D /* EffectsLibrary */; };
		E37265502AD208A100E8997D /* HomeView.swift in Sources */ = {isa = PBXBuildFile; fileRef = E372654F2AD208A100E8997D /* HomeView.swift */; };
		E37265522AD2161200E8997D /* MainView.swift in Sources */ = {isa = PBXBuildFile; fileRef = E37265512AD2161200E8997D /* MainView.swift */; };
		E37265562AD2364D00E8997D /* PlayerVpipView.swift in Sources */ = {isa = PBXBuildFile; fileRef = E37265552AD2364D00E8997D /* PlayerVpipView.swift */; };
		E37265582AD2374F00E8997D /* VpipView.swift in Sources */ = {isa = PBXBuildFile; fileRef = E37265572AD2374F00E8997D /* VpipView.swift */; };
		E3825BEC2AD9345B00891E7A /* VpipResultView.swift in Sources */ = {isa = PBXBuildFile; fileRef = E3825BEB2AD9345B00891E7A /* VpipResultView.swift */; };
		E3825BEE2AD934EC00891E7A /* PlayerVpipResultView.swift in Sources */ = {isa = PBXBuildFile; fileRef = E3825BED2AD934EC00891E7A /* PlayerVpipResultView.swift */; };
		E393A95C2AD9F186006762F7 /* HistoricalResultView.swift in Sources */ = {isa = PBXBuildFile; fileRef = E393A95B2AD9F186006762F7 /* HistoricalResultView.swift */; };
		E3963A232ACA198C0032D4B1 /* CounterApp.swift in Sources */ = {isa = PBXBuildFile; fileRef = E3963A222ACA198C0032D4B1 /* CounterApp.swift */; };
		E3963A252ACA198C0032D4B1 /* ContentView.swift in Sources */ = {isa = PBXBuildFile; fileRef = E3963A242ACA198C0032D4B1 /* ContentView.swift */; };
		E3963A272ACA198D0032D4B1 /* Assets.xcassets in Resources */ = {isa = PBXBuildFile; fileRef = E3963A262ACA198D0032D4B1 /* Assets.xcassets */; };
		E3963A2B2ACA198D0032D4B1 /* Preview Assets.xcassets in Resources */ = {isa = PBXBuildFile; fileRef = E3963A2A2ACA198D0032D4B1 /* Preview Assets.xcassets */; };
		E3963A352ACA198D0032D4B1 /* CounterTests.swift in Sources */ = {isa = PBXBuildFile; fileRef = E3963A342ACA198D0032D4B1 /* CounterTests.swift */; };
		E3963A3F2ACA198D0032D4B1 /* CounterUITests.swift in Sources */ = {isa = PBXBuildFile; fileRef = E3963A3E2ACA198D0032D4B1 /* CounterUITests.swift */; };
		E3963A412ACA198D0032D4B1 /* CounterUITestsLaunchTests.swift in Sources */ = {isa = PBXBuildFile; fileRef = E3963A402ACA198D0032D4B1 /* CounterUITestsLaunchTests.swift */; };
		E3963A512ACA24670032D4B1 /* Player.swift in Sources */ = {isa = PBXBuildFile; fileRef = E3963A502ACA24660032D4B1 /* Player.swift */; };
		E3963A532ACA26060032D4B1 /* CounterViewModel.swift in Sources */ = {isa = PBXBuildFile; fileRef = E3963A522ACA26060032D4B1 /* CounterViewModel.swift */; };
		E3963A552ACA26DB0032D4B1 /* Counter.swift in Sources */ = {isa = PBXBuildFile; fileRef = E3963A542ACA26DB0032D4B1 /* Counter.swift */; };
		E3963A572ACA328C0032D4B1 /* PlayerView.swift in Sources */ = {isa = PBXBuildFile; fileRef = E3963A562ACA328C0032D4B1 /* PlayerView.swift */; };
		E3963A592ACA32980032D4B1 /* CounterView.swift in Sources */ = {isa = PBXBuildFile; fileRef = E3963A582ACA32980032D4B1 /* CounterView.swift */; };
		E3963A5B2ACA79B90032D4B1 /* SettingView.swift in Sources */ = {isa = PBXBuildFile; fileRef = E3963A5A2ACA79B90032D4B1 /* SettingView.swift */; };
		E3963A5D2ACA8DA70032D4B1 /* StartView.swift in Sources */ = {isa = PBXBuildFile; fileRef = E3963A5C2ACA8DA70032D4B1 /* StartView.swift */; };
		E3963A5F2ACB8EEC0032D4B1 /* Setting.swift in Sources */ = {isa = PBXBuildFile; fileRef = E3963A5E2ACB8EEC0032D4B1 /* Setting.swift */; };
		E3963A612ACD36190032D4B1 /* AddPlayerView.swift in Sources */ = {isa = PBXBuildFile; fileRef = E3963A602ACD36190032D4B1 /* AddPlayerView.swift */; };
		E3963A632ACD43390032D4B1 /* PlayerCheckoutView.swift in Sources */ = {isa = PBXBuildFile; fileRef = E3963A622ACD43380032D4B1 /* PlayerCheckoutView.swift */; };
/* End PBXBuildFile section */

/* Begin PBXContainerItemProxy section */
		E3963A312ACA198D0032D4B1 /* PBXContainerItemProxy */ = {
			isa = PBXContainerItemProxy;
			containerPortal = E3963A172ACA198C0032D4B1 /* Project object */;
			proxyType = 1;
			remoteGlobalIDString = E3963A1E2ACA198C0032D4B1;
			remoteInfo = Counter;
		};
		E3963A3B2ACA198D0032D4B1 /* PBXContainerItemProxy */ = {
			isa = PBXContainerItemProxy;
			containerPortal = E3963A172ACA198C0032D4B1 /* Project object */;
			proxyType = 1;
			remoteGlobalIDString = E3963A1E2ACA198C0032D4B1;
			remoteInfo = Counter;
		};
/* End PBXContainerItemProxy section */

/* Begin PBXFileReference section */
		E37265442ACD4A0C00E8997D /* CheckoutView.swift */ = {isa = PBXFileReference; lastKnownFileType = sourcecode.swift; path = CheckoutView.swift; sourceTree = "<group>"; };
		E37265462ACD4F0F00E8997D /* ResultView.swift */ = {isa = PBXFileReference; lastKnownFileType = sourcecode.swift; path = ResultView.swift; sourceTree = "<group>"; };
		E37265482ACD4F5600E8997D /* PlayerResultView.swift */ = {isa = PBXFileReference; lastKnownFileType = sourcecode.swift; path = PlayerResultView.swift; sourceTree = "<group>"; };
		E372654A2ACDE01B00E8997D /* Result.swift */ = {isa = PBXFileReference; lastKnownFileType = sourcecode.swift; path = Result.swift; sourceTree = "<group>"; };
		E372654F2AD208A100E8997D /* HomeView.swift */ = {isa = PBXFileReference; lastKnownFileType = sourcecode.swift; path = HomeView.swift; sourceTree = "<group>"; };
		E37265512AD2161200E8997D /* MainView.swift */ = {isa = PBXFileReference; lastKnownFileType = sourcecode.swift; path = MainView.swift; sourceTree = "<group>"; };
		E37265552AD2364D00E8997D /* PlayerVpipView.swift */ = {isa = PBXFileReference; lastKnownFileType = sourcecode.swift; path = PlayerVpipView.swift; sourceTree = "<group>"; };
		E37265572AD2374F00E8997D /* VpipView.swift */ = {isa = PBXFileReference; lastKnownFileType = sourcecode.swift; path = VpipView.swift; sourceTree = "<group>"; };
		E3825BEB2AD9345B00891E7A /* VpipResultView.swift */ = {isa = PBXFileReference; lastKnownFileType = sourcecode.swift; path = VpipResultView.swift; sourceTree = "<group>"; };
		E3825BED2AD934EC00891E7A /* PlayerVpipResultView.swift */ = {isa = PBXFileReference; lastKnownFileType = sourcecode.swift; path = PlayerVpipResultView.swift; sourceTree = "<group>"; };
		E393A95B2AD9F186006762F7 /* HistoricalResultView.swift */ = {isa = PBXFileReference; lastKnownFileType = sourcecode.swift; path = HistoricalResultView.swift; sourceTree = "<group>"; };
		E3963A1F2ACA198C0032D4B1 /* Counter.app */ = {isa = PBXFileReference; explicitFileType = wrapper.application; includeInIndex = 0; path = Counter.app; sourceTree = BUILT_PRODUCTS_DIR; };
		E3963A222ACA198C0032D4B1 /* CounterApp.swift */ = {isa = PBXFileReference; lastKnownFileType = sourcecode.swift; path = CounterApp.swift; sourceTree = "<group>"; };
		E3963A242ACA198C0032D4B1 /* ContentView.swift */ = {isa = PBXFileReference; lastKnownFileType = sourcecode.swift; path = ContentView.swift; sourceTree = "<group>"; };
		E3963A262ACA198D0032D4B1 /* Assets.xcassets */ = {isa = PBXFileReference; lastKnownFileType = folder.assetcatalog; path = Assets.xcassets; sourceTree = "<group>"; };
		E3963A282ACA198D0032D4B1 /* Counter.entitlements */ = {isa = PBXFileReference; lastKnownFileType = text.plist.entitlements; path = Counter.entitlements; sourceTree = "<group>"; };
		E3963A2A2ACA198D0032D4B1 /* Preview Assets.xcassets */ = {isa = PBXFileReference; lastKnownFileType = folder.assetcatalog; path = "Preview Assets.xcassets"; sourceTree = "<group>"; };
		E3963A302ACA198D0032D4B1 /* CounterTests.xctest */ = {isa = PBXFileReference; explicitFileType = wrapper.cfbundle; includeInIndex = 0; path = CounterTests.xctest; sourceTree = BUILT_PRODUCTS_DIR; };
		E3963A342ACA198D0032D4B1 /* CounterTests.swift */ = {isa = PBXFileReference; lastKnownFileType = sourcecode.swift; path = CounterTests.swift; sourceTree = "<group>"; };
		E3963A3A2ACA198D0032D4B1 /* CounterUITests.xctest */ = {isa = PBXFileReference; explicitFileType = wrapper.cfbundle; includeInIndex = 0; path = CounterUITests.xctest; sourceTree = BUILT_PRODUCTS_DIR; };
		E3963A3E2ACA198D0032D4B1 /* CounterUITests.swift */ = {isa = PBXFileReference; lastKnownFileType = sourcecode.swift; path = CounterUITests.swift; sourceTree = "<group>"; };
		E3963A402ACA198D0032D4B1 /* CounterUITestsLaunchTests.swift */ = {isa = PBXFileReference; lastKnownFileType = sourcecode.swift; path = CounterUITestsLaunchTests.swift; sourceTree = "<group>"; };
		E3963A502ACA24660032D4B1 /* Player.swift */ = {isa = PBXFileReference; lastKnownFileType = sourcecode.swift; path = Player.swift; sourceTree = "<group>"; };
		E3963A522ACA26060032D4B1 /* CounterViewModel.swift */ = {isa = PBXFileReference; lastKnownFileType = sourcecode.swift; path = CounterViewModel.swift; sourceTree = "<group>"; };
		E3963A542ACA26DB0032D4B1 /* Counter.swift */ = {isa = PBXFileReference; lastKnownFileType = sourcecode.swift; path = Counter.swift; sourceTree = "<group>"; };
		E3963A562ACA328C0032D4B1 /* PlayerView.swift */ = {isa = PBXFileReference; lastKnownFileType = sourcecode.swift; path = PlayerView.swift; sourceTree = "<group>"; };
		E3963A582ACA32980032D4B1 /* CounterView.swift */ = {isa = PBXFileReference; lastKnownFileType = sourcecode.swift; path = CounterView.swift; sourceTree = "<group>"; };
		E3963A5A2ACA79B90032D4B1 /* SettingView.swift */ = {isa = PBXFileReference; lastKnownFileType = sourcecode.swift; path = SettingView.swift; sourceTree = "<group>"; };
		E3963A5C2ACA8DA70032D4B1 /* StartView.swift */ = {isa = PBXFileReference; lastKnownFileType = sourcecode.swift; path = StartView.swift; sourceTree = "<group>"; };
		E3963A5E2ACB8EEC0032D4B1 /* Setting.swift */ = {isa = PBXFileReference; lastKnownFileType = sourcecode.swift; path = Setting.swift; sourceTree = "<group>"; };
		E3963A602ACD36190032D4B1 /* AddPlayerView.swift */ = {isa = PBXFileReference; lastKnownFileType = sourcecode.swift; path = AddPlayerView.swift; sourceTree = "<group>"; };
		E3963A622ACD43380032D4B1 /* PlayerCheckoutView.swift */ = {isa = PBXFileReference; lastKnownFileType = sourcecode.swift; path = PlayerCheckoutView.swift; sourceTree = "<group>"; };
/* End PBXFileReference section */

/* Begin PBXFrameworksBuildPhase section */
		E3963A1C2ACA198C0032D4B1 /* Frameworks */ = {
			isa = PBXFrameworksBuildPhase;
			buildActionMask = 2147483647;
			files = (
				E372654E2ACE00CA00E8997D /* EffectsLibrary in Frameworks */,
			);
			runOnlyForDeploymentPostprocessing = 0;
		};
		E3963A2D2ACA198D0032D4B1 /* Frameworks */ = {
			isa = PBXFrameworksBuildPhase;
			buildActionMask = 2147483647;
			files = (
			);
			runOnlyForDeploymentPostprocessing = 0;
		};
		E3963A372ACA198D0032D4B1 /* Frameworks */ = {
			isa = PBXFrameworksBuildPhase;
			buildActionMask = 2147483647;
			files = (
			);
			runOnlyForDeploymentPostprocessing = 0;
		};
/* End PBXFrameworksBuildPhase section */

/* Begin PBXGroup section */
		E3963A162ACA198C0032D4B1 = {
			isa = PBXGroup;
			children = (
				E3963A212ACA198C0032D4B1 /* Counter */,
				E3963A332ACA198D0032D4B1 /* CounterTests */,
				E3963A3D2ACA198D0032D4B1 /* CounterUITests */,
				E3963A202ACA198C0032D4B1 /* Products */,
			);
			sourceTree = "<group>";
			usesTabs = 0;
		};
		E3963A202ACA198C0032D4B1 /* Products */ = {
			isa = PBXGroup;
			children = (
				E3963A1F2ACA198C0032D4B1 /* Counter.app */,
				E3963A302ACA198D0032D4B1 /* CounterTests.xctest */,
				E3963A3A2ACA198D0032D4B1 /* CounterUITests.xctest */,
			);
			name = Products;
			sourceTree = "<group>";
		};
		E3963A212ACA198C0032D4B1 /* Counter */ = {
			isa = PBXGroup;
			children = (
				E3963A4F2ACA244E0032D4B1 /* View */,
				E3963A4E2ACA24430032D4B1 /* ViewModel */,
				E3963A4D2ACA243B0032D4B1 /* Model */,
				E3963A222ACA198C0032D4B1 /* CounterApp.swift */,
				E3963A242ACA198C0032D4B1 /* ContentView.swift */,
				E3963A262ACA198D0032D4B1 /* Assets.xcassets */,
				E3963A282ACA198D0032D4B1 /* Counter.entitlements */,
				E3963A292ACA198D0032D4B1 /* Preview Content */,
			);
			path = Counter;
			sourceTree = "<group>";
		};
		E3963A292ACA198D0032D4B1 /* Preview Content */ = {
			isa = PBXGroup;
			children = (
				E3963A2A2ACA198D0032D4B1 /* Preview Assets.xcassets */,
			);
			path = "Preview Content";
			sourceTree = "<group>";
		};
		E3963A332ACA198D0032D4B1 /* CounterTests */ = {
			isa = PBXGroup;
			children = (
				E3963A342ACA198D0032D4B1 /* CounterTests.swift */,
			);
			path = CounterTests;
			sourceTree = "<group>";
		};
		E3963A3D2ACA198D0032D4B1 /* CounterUITests */ = {
			isa = PBXGroup;
			children = (
				E3963A3E2ACA198D0032D4B1 /* CounterUITests.swift */,
				E3963A402ACA198D0032D4B1 /* CounterUITestsLaunchTests.swift */,
			);
			path = CounterUITests;
			sourceTree = "<group>";
		};
		E3963A4D2ACA243B0032D4B1 /* Model */ = {
			isa = PBXGroup;
			children = (
				E3963A502ACA24660032D4B1 /* Player.swift */,
				E3963A542ACA26DB0032D4B1 /* Counter.swift */,
				E3963A5E2ACB8EEC0032D4B1 /* Setting.swift */,
				E372654A2ACDE01B00E8997D /* Result.swift */,
			);
			path = Model;
			sourceTree = "<group>";
		};
		E3963A4E2ACA24430032D4B1 /* ViewModel */ = {
			isa = PBXGroup;
			children = (
				E3963A522ACA26060032D4B1 /* CounterViewModel.swift */,
			);
			path = ViewModel;
			sourceTree = "<group>";
		};
		E3963A4F2ACA244E0032D4B1 /* View */ = {
			isa = PBXGroup;
			children = (
				E3963A562ACA328C0032D4B1 /* PlayerView.swift */,
				E3963A622ACD43380032D4B1 /* PlayerCheckoutView.swift */,
				E3963A582ACA32980032D4B1 /* CounterView.swift */,
				E3963A5A2ACA79B90032D4B1 /* SettingView.swift */,
				E3963A5C2ACA8DA70032D4B1 /* StartView.swift */,
				E3963A602ACD36190032D4B1 /* AddPlayerView.swift */,
				E37265442ACD4A0C00E8997D /* CheckoutView.swift */,
				E37265462ACD4F0F00E8997D /* ResultView.swift */,
				E37265482ACD4F5600E8997D /* PlayerResultView.swift */,
				E3825BED2AD934EC00891E7A /* PlayerVpipResultView.swift */,
				E372654F2AD208A100E8997D /* HomeView.swift */,
				E37265512AD2161200E8997D /* MainView.swift */,
				E37265552AD2364D00E8997D /* PlayerVpipView.swift */,
				E37265572AD2374F00E8997D /* VpipView.swift */,
				E3825BEB2AD9345B00891E7A /* VpipResultView.swift */,
				E393A95B2AD9F186006762F7 /* HistoricalResultView.swift */,
			);
			path = View;
			sourceTree = "<group>";
		};
/* End PBXGroup section */

/* Begin PBXNativeTarget section */
		E3963A1E2ACA198C0032D4B1 /* Counter */ = {
			isa = PBXNativeTarget;
			buildConfigurationList = E3963A442ACA198D0032D4B1 /* Build configuration list for PBXNativeTarget "Counter" */;
			buildPhases = (
				E3963A1B2ACA198C0032D4B1 /* Sources */,
				E3963A1C2ACA198C0032D4B1 /* Frameworks */,
				E3963A1D2ACA198C0032D4B1 /* Resources */,
			);
			buildRules = (
			);
			dependencies = (
			);
			name = Counter;
			packageProductDependencies = (
				E372654D2ACE00CA00E8997D /* EffectsLibrary */,
			);
			productName = Counter;
			productReference = E3963A1F2ACA198C0032D4B1 /* Counter.app */;
			productType = "com.apple.product-type.application";
		};
		E3963A2F2ACA198D0032D4B1 /* CounterTests */ = {
			isa = PBXNativeTarget;
			buildConfigurationList = E3963A472ACA198D0032D4B1 /* Build configuration list for PBXNativeTarget "CounterTests" */;
			buildPhases = (
				E3963A2C2ACA198D0032D4B1 /* Sources */,
				E3963A2D2ACA198D0032D4B1 /* Frameworks */,
				E3963A2E2ACA198D0032D4B1 /* Resources */,
			);
			buildRules = (
			);
			dependencies = (
				E3963A322ACA198D0032D4B1 /* PBXTargetDependency */,
			);
			name = CounterTests;
			productName = CounterTests;
			productReference = E3963A302ACA198D0032D4B1 /* CounterTests.xctest */;
			productType = "com.apple.product-type.bundle.unit-test";
		};
		E3963A392ACA198D0032D4B1 /* CounterUITests */ = {
			isa = PBXNativeTarget;
			buildConfigurationList = E3963A4A2ACA198D0032D4B1 /* Build configuration list for PBXNativeTarget "CounterUITests" */;
			buildPhases = (
				E3963A362ACA198D0032D4B1 /* Sources */,
				E3963A372ACA198D0032D4B1 /* Frameworks */,
				E3963A382ACA198D0032D4B1 /* Resources */,
			);
			buildRules = (
			);
			dependencies = (
				E3963A3C2ACA198D0032D4B1 /* PBXTargetDependency */,
			);
			name = CounterUITests;
			productName = CounterUITests;
			productReference = E3963A3A2ACA198D0032D4B1 /* CounterUITests.xctest */;
			productType = "com.apple.product-type.bundle.ui-testing";
		};
/* End PBXNativeTarget section */

/* Begin PBXProject section */
		E3963A172ACA198C0032D4B1 /* Project object */ = {
			isa = PBXProject;
			attributes = {
				BuildIndependentTargetsInParallel = 1;
				LastSwiftUpdateCheck = 1500;
				LastUpgradeCheck = 1500;
				TargetAttributes = {
					E3963A1E2ACA198C0032D4B1 = {
						CreatedOnToolsVersion = 15.0;
					};
					E3963A2F2ACA198D0032D4B1 = {
						CreatedOnToolsVersion = 15.0;
						TestTargetID = E3963A1E2ACA198C0032D4B1;
					};
					E3963A392ACA198D0032D4B1 = {
						CreatedOnToolsVersion = 15.0;
						TestTargetID = E3963A1E2ACA198C0032D4B1;
					};
				};
			};
			buildConfigurationList = E3963A1A2ACA198C0032D4B1 /* Build configuration list for PBXProject "Counter" */;
			compatibilityVersion = "Xcode 15.0";
			developmentRegion = en;
			hasScannedForEncodings = 0;
			knownRegions = (
				en,
				Base,
			);
			mainGroup = E3963A162ACA198C0032D4B1;
			packageReferences = (
				E372654C2ACE00CA00E8997D /* XCRemoteSwiftPackageReference "effects-library" */,
			);
			productRefGroup = E3963A202ACA198C0032D4B1 /* Products */;
			projectDirPath = "";
			projectRoot = "";
			targets = (
				E3963A1E2ACA198C0032D4B1 /* Counter */,
				E3963A2F2ACA198D0032D4B1 /* CounterTests */,
				E3963A392ACA198D0032D4B1 /* CounterUITests */,
			);
		};
/* End PBXProject section */

/* Begin PBXResourcesBuildPhase section */
		E3963A1D2ACA198C0032D4B1 /* Resources */ = {
			isa = PBXResourcesBuildPhase;
			buildActionMask = 2147483647;
			files = (
				E3963A2B2ACA198D0032D4B1 /* Preview Assets.xcassets in Resources */,
				E3963A272ACA198D0032D4B1 /* Assets.xcassets in Resources */,
			);
			runOnlyForDeploymentPostprocessing = 0;
		};
		E3963A2E2ACA198D0032D4B1 /* Resources */ = {
			isa = PBXResourcesBuildPhase;
			buildActionMask = 2147483647;
			files = (
			);
			runOnlyForDeploymentPostprocessing = 0;
		};
		E3963A382ACA198D0032D4B1 /* Resources */ = {
			isa = PBXResourcesBuildPhase;
			buildActionMask = 2147483647;
			files = (
			);
			runOnlyForDeploymentPostprocessing = 0;
		};
/* End PBXResourcesBuildPhase section */

/* Begin PBXSourcesBuildPhase section */
		E3963A1B2ACA198C0032D4B1 /* Sources */ = {
			isa = PBXSourcesBuildPhase;
			buildActionMask = 2147483647;
			files = (
				E3825BEE2AD934EC00891E7A /* PlayerVpipResultView.swift in Sources */,
				E3963A5F2ACB8EEC0032D4B1 /* Setting.swift in Sources */,
				E37265522AD2161200E8997D /* MainView.swift in Sources */,
				E3963A5D2ACA8DA70032D4B1 /* StartView.swift in Sources */,
				E3963A552ACA26DB0032D4B1 /* Counter.swift in Sources */,
				E3963A252ACA198C0032D4B1 /* ContentView.swift in Sources */,
				E3963A612ACD36190032D4B1 /* AddPlayerView.swift in Sources */,
				E37265502AD208A100E8997D /* HomeView.swift in Sources */,
				E37265472ACD4F0F00E8997D /* ResultView.swift in Sources */,
				E372654B2ACDE01B00E8997D /* Result.swift in Sources */,
				E3963A632ACD43390032D4B1 /* PlayerCheckoutView.swift in Sources */,
				E3963A532ACA26060032D4B1 /* CounterViewModel.swift in Sources */,
				E37265452ACD4A0C00E8997D /* CheckoutView.swift in Sources */,
				E3963A592ACA32980032D4B1 /* CounterView.swift in Sources */,
				E37265562AD2364D00E8997D /* PlayerVpipView.swift in Sources */,
				E3963A572ACA328C0032D4B1 /* PlayerView.swift in Sources */,
				E393A95C2AD9F186006762F7 /* HistoricalResultView.swift in Sources */,
				E3825BEC2AD9345B00891E7A /* VpipResultView.swift in Sources */,
				E37265582AD2374F00E8997D /* VpipView.swift in Sources */,
				E37265492ACD4F5600E8997D /* PlayerResultView.swift in Sources */,
				E3963A5B2ACA79B90032D4B1 /* SettingView.swift in Sources */,
				E3963A512ACA24670032D4B1 /* Player.swift in Sources */,
				E3963A232ACA198C0032D4B1 /* CounterApp.swift in Sources */,
			);
			runOnlyForDeploymentPostprocessing = 0;
		};
		E3963A2C2ACA198D0032D4B1 /* Sources */ = {
			isa = PBXSourcesBuildPhase;
			buildActionMask = 2147483647;
			files = (
				E3963A352ACA198D0032D4B1 /* CounterTests.swift in Sources */,
			);
			runOnlyForDeploymentPostprocessing = 0;
		};
		E3963A362ACA198D0032D4B1 /* Sources */ = {
			isa = PBXSourcesBuildPhase;
			buildActionMask = 2147483647;
			files = (
				E3963A3F2ACA198D0032D4B1 /* CounterUITests.swift in Sources */,
				E3963A412ACA198D0032D4B1 /* CounterUITestsLaunchTests.swift in Sources */,
			);
			runOnlyForDeploymentPostprocessing = 0;
		};
/* End PBXSourcesBuildPhase section */

/* Begin PBXTargetDependency section */
		E3963A322ACA198D0032D4B1 /* PBXTargetDependency */ = {
			isa = PBXTargetDependency;
			target = E3963A1E2ACA198C0032D4B1 /* Counter */;
			targetProxy = E3963A312ACA198D0032D4B1 /* PBXContainerItemProxy */;
		};
		E3963A3C2ACA198D0032D4B1 /* PBXTargetDependency */ = {
			isa = PBXTargetDependency;
			target = E3963A1E2ACA198C0032D4B1 /* Counter */;
			targetProxy = E3963A3B2ACA198D0032D4B1 /* PBXContainerItemProxy */;
		};
/* End PBXTargetDependency section */

/* Begin XCBuildConfiguration section */
		E3963A422ACA198D0032D4B1 /* Debug */ = {
			isa = XCBuildConfiguration;
			buildSettings = {
				ALWAYS_SEARCH_USER_PATHS = NO;
				ASSETCATALOG_COMPILER_GENERATE_SWIFT_ASSET_SYMBOL_EXTENSIONS = YES;
				CLANG_ANALYZER_NONNULL = YES;
				CLANG_ANALYZER_NUMBER_OBJECT_CONVERSION = YES_AGGRESSIVE;
				CLANG_CXX_LANGUAGE_STANDARD = "gnu++20";
				CLANG_ENABLE_MODULES = YES;
				CLANG_ENABLE_OBJC_ARC = YES;
				CLANG_ENABLE_OBJC_WEAK = YES;
				CLANG_WARN_BLOCK_CAPTURE_AUTORELEASING = YES;
				CLANG_WARN_BOOL_CONVERSION = YES;
				CLANG_WARN_COMMA = YES;
				CLANG_WARN_CONSTANT_CONVERSION = YES;
				CLANG_WARN_DEPRECATED_OBJC_IMPLEMENTATIONS = YES;
				CLANG_WARN_DIRECT_OBJC_ISA_USAGE = YES_ERROR;
				CLANG_WARN_DOCUMENTATION_COMMENTS = YES;
				CLANG_WARN_EMPTY_BODY = YES;
				CLANG_WARN_ENUM_CONVERSION = YES;
				CLANG_WARN_INFINITE_RECURSION = YES;
				CLANG_WARN_INT_CONVERSION = YES;
				CLANG_WARN_NON_LITERAL_NULL_CONVERSION = YES;
				CLANG_WARN_OBJC_IMPLICIT_RETAIN_SELF = YES;
				CLANG_WARN_OBJC_LITERAL_CONVERSION = YES;
				CLANG_WARN_OBJC_ROOT_CLASS = YES_ERROR;
				CLANG_WARN_QUOTED_INCLUDE_IN_FRAMEWORK_HEADER = YES;
				CLANG_WARN_RANGE_LOOP_ANALYSIS = YES;
				CLANG_WARN_STRICT_PROTOTYPES = YES;
				CLANG_WARN_SUSPICIOUS_MOVE = YES;
				CLANG_WARN_UNGUARDED_AVAILABILITY = YES_AGGRESSIVE;
				CLANG_WARN_UNREACHABLE_CODE = YES;
				CLANG_WARN__DUPLICATE_METHOD_MATCH = YES;
				COPY_PHASE_STRIP = NO;
				DEBUG_INFORMATION_FORMAT = dwarf;
				ENABLE_STRICT_OBJC_MSGSEND = YES;
				ENABLE_TESTABILITY = YES;
				ENABLE_USER_SCRIPT_SANDBOXING = YES;
				GCC_C_LANGUAGE_STANDARD = gnu17;
				GCC_DYNAMIC_NO_PIC = NO;
				GCC_NO_COMMON_BLOCKS = YES;
				GCC_OPTIMIZATION_LEVEL = 0;
				GCC_PREPROCESSOR_DEFINITIONS = (
					"DEBUG=1",
					"$(inherited)",
				);
				GCC_WARN_64_TO_32_BIT_CONVERSION = YES;
				GCC_WARN_ABOUT_RETURN_TYPE = YES_ERROR;
				GCC_WARN_UNDECLARED_SELECTOR = YES;
				GCC_WARN_UNINITIALIZED_AUTOS = YES_AGGRESSIVE;
				GCC_WARN_UNUSED_FUNCTION = YES;
				GCC_WARN_UNUSED_VARIABLE = YES;
				INFOPLIST_KEY_CFBundleDisplayName = "1250 Poker";
				LOCALIZATION_PREFERS_STRING_CATALOGS = YES;
				MTL_ENABLE_DEBUG_INFO = INCLUDE_SOURCE;
				MTL_FAST_MATH = YES;
				ONLY_ACTIVE_ARCH = YES;
				SWIFT_ACTIVE_COMPILATION_CONDITIONS = "DEBUG $(inherited)";
				SWIFT_OPTIMIZATION_LEVEL = "-Onone";
			};
			name = Debug;
		};
		E3963A432ACA198D0032D4B1 /* Release */ = {
			isa = XCBuildConfiguration;
			buildSettings = {
				ALWAYS_SEARCH_USER_PATHS = NO;
				ASSETCATALOG_COMPILER_GENERATE_SWIFT_ASSET_SYMBOL_EXTENSIONS = YES;
				CLANG_ANALYZER_NONNULL = YES;
				CLANG_ANALYZER_NUMBER_OBJECT_CONVERSION = YES_AGGRESSIVE;
				CLANG_CXX_LANGUAGE_STANDARD = "gnu++20";
				CLANG_ENABLE_MODULES = YES;
				CLANG_ENABLE_OBJC_ARC = YES;
				CLANG_ENABLE_OBJC_WEAK = YES;
				CLANG_WARN_BLOCK_CAPTURE_AUTORELEASING = YES;
				CLANG_WARN_BOOL_CONVERSION = YES;
				CLANG_WARN_COMMA = YES;
				CLANG_WARN_CONSTANT_CONVERSION = YES;
				CLANG_WARN_DEPRECATED_OBJC_IMPLEMENTATIONS = YES;
				CLANG_WARN_DIRECT_OBJC_ISA_USAGE = YES_ERROR;
				CLANG_WARN_DOCUMENTATION_COMMENTS = YES;
				CLANG_WARN_EMPTY_BODY = YES;
				CLANG_WARN_ENUM_CONVERSION = YES;
				CLANG_WARN_INFINITE_RECURSION = YES;
				CLANG_WARN_INT_CONVERSION = YES;
				CLANG_WARN_NON_LITERAL_NULL_CONVERSION = YES;
				CLANG_WARN_OBJC_IMPLICIT_RETAIN_SELF = YES;
				CLANG_WARN_OBJC_LITERAL_CONVERSION = YES;
				CLANG_WARN_OBJC_ROOT_CLASS = YES_ERROR;
				CLANG_WARN_QUOTED_INCLUDE_IN_FRAMEWORK_HEADER = YES;
				CLANG_WARN_RANGE_LOOP_ANALYSIS = YES;
				CLANG_WARN_STRICT_PROTOTYPES = YES;
				CLANG_WARN_SUSPICIOUS_MOVE = YES;
				CLANG_WARN_UNGUARDED_AVAILABILITY = YES_AGGRESSIVE;
				CLANG_WARN_UNREACHABLE_CODE = YES;
				CLANG_WARN__DUPLICATE_METHOD_MATCH = YES;
				COPY_PHASE_STRIP = NO;
				DEBUG_INFORMATION_FORMAT = "dwarf-with-dsym";
				ENABLE_NS_ASSERTIONS = NO;
				ENABLE_STRICT_OBJC_MSGSEND = YES;
				ENABLE_USER_SCRIPT_SANDBOXING = YES;
				GCC_C_LANGUAGE_STANDARD = gnu17;
				GCC_NO_COMMON_BLOCKS = YES;
				GCC_WARN_64_TO_32_BIT_CONVERSION = YES;
				GCC_WARN_ABOUT_RETURN_TYPE = YES_ERROR;
				GCC_WARN_UNDECLARED_SELECTOR = YES;
				GCC_WARN_UNINITIALIZED_AUTOS = YES_AGGRESSIVE;
				GCC_WARN_UNUSED_FUNCTION = YES;
				GCC_WARN_UNUSED_VARIABLE = YES;
				INFOPLIST_KEY_CFBundleDisplayName = "1250 Poker";
				LOCALIZATION_PREFERS_STRING_CATALOGS = YES;
				MTL_ENABLE_DEBUG_INFO = NO;
				MTL_FAST_MATH = YES;
				SWIFT_COMPILATION_MODE = wholemodule;
			};
			name = Release;
		};
		E3963A452ACA198D0032D4B1 /* Debug */ = {
			isa = XCBuildConfiguration;
			buildSettings = {
				ASSETCATALOG_COMPILER_APPICON_NAME = AppIcon;
				ASSETCATALOG_COMPILER_GLOBAL_ACCENT_COLOR_NAME = AccentColor;
				CODE_SIGN_ENTITLEMENTS = Counter/Counter.entitlements;
				CODE_SIGN_STYLE = Automatic;
				CURRENT_PROJECT_VERSION = 1;
				DEVELOPMENT_ASSET_PATHS = "\"Counter/Preview Content\"";
				DEVELOPMENT_TEAM = F63S545Z7W;
				ENABLE_HARDENED_RUNTIME = YES;
				ENABLE_PREVIEWS = YES;
				GENERATE_INFOPLIST_FILE = YES;
				INFOPLIST_KEY_LSApplicationCategoryType = "public.app-category.utilities";
				"INFOPLIST_KEY_UIApplicationSceneManifest_Generation[sdk=iphoneos*]" = YES;
				"INFOPLIST_KEY_UIApplicationSceneManifest_Generation[sdk=iphonesimulator*]" = YES;
				"INFOPLIST_KEY_UIApplicationSupportsIndirectInputEvents[sdk=iphoneos*]" = YES;
				"INFOPLIST_KEY_UIApplicationSupportsIndirectInputEvents[sdk=iphonesimulator*]" = YES;
				"INFOPLIST_KEY_UILaunchScreen_Generation[sdk=iphoneos*]" = YES;
				"INFOPLIST_KEY_UILaunchScreen_Generation[sdk=iphonesimulator*]" = YES;
				"INFOPLIST_KEY_UIStatusBarStyle[sdk=iphoneos*]" = UIStatusBarStyleDefault;
				"INFOPLIST_KEY_UIStatusBarStyle[sdk=iphonesimulator*]" = UIStatusBarStyleDefault;
				INFOPLIST_KEY_UISupportedInterfaceOrientations_iPad = "UIInterfaceOrientationPortrait UIInterfaceOrientationPortraitUpsideDown UIInterfaceOrientationLandscapeLeft UIInterfaceOrientationLandscapeRight";
				INFOPLIST_KEY_UISupportedInterfaceOrientations_iPhone = "UIInterfaceOrientationPortrait UIInterfaceOrientationLandscapeLeft UIInterfaceOrientationLandscapeRight";
				IPHONEOS_DEPLOYMENT_TARGET = 17.0;
				LD_RUNPATH_SEARCH_PATHS = "@executable_path/Frameworks";
				"LD_RUNPATH_SEARCH_PATHS[sdk=macosx*]" = "@executable_path/../Frameworks";
				MACOSX_DEPLOYMENT_TARGET = 14.0;
				MARKETING_VERSION = 1.0;
				PRODUCT_BUNDLE_IDENTIFIER = com.foo.Counter;
				PRODUCT_NAME = "$(TARGET_NAME)";
				SDKROOT = auto;
				SUPPORTED_PLATFORMS = "iphoneos iphonesimulator macosx";
				SWIFT_EMIT_LOC_STRINGS = YES;
				SWIFT_VERSION = 5.0;
				TARGETED_DEVICE_FAMILY = "1,2";
			};
			name = Debug;
		};
		E3963A462ACA198D0032D4B1 /* Release */ = {
			isa = XCBuildConfiguration;
			buildSettings = {
				ASSETCATALOG_COMPILER_APPICON_NAME = AppIcon;
				ASSETCATALOG_COMPILER_GLOBAL_ACCENT_COLOR_NAME = AccentColor;
				CODE_SIGN_ENTITLEMENTS = Counter/Counter.entitlements;
				CODE_SIGN_STYLE = Automatic;
				CURRENT_PROJECT_VERSION = 1;
				DEVELOPMENT_ASSET_PATHS = "\"Counter/Preview Content\"";
				DEVELOPMENT_TEAM = F63S545Z7W;
				ENABLE_HARDENED_RUNTIME = YES;
				ENABLE_PREVIEWS = YES;
				GENERATE_INFOPLIST_FILE = YES;
				INFOPLIST_KEY_LSApplicationCategoryType = "public.app-category.utilities";
				"INFOPLIST_KEY_UIApplicationSceneManifest_Generation[sdk=iphoneos*]" = YES;
				"INFOPLIST_KEY_UIApplicationSceneManifest_Generation[sdk=iphonesimulator*]" = YES;
				"INFOPLIST_KEY_UIApplicationSupportsIndirectInputEvents[sdk=iphoneos*]" = YES;
				"INFOPLIST_KEY_UIApplicationSupportsIndirectInputEvents[sdk=iphonesimulator*]" = YES;
				"INFOPLIST_KEY_UILaunchScreen_Generation[sdk=iphoneos*]" = YES;
				"INFOPLIST_KEY_UILaunchScreen_Generation[sdk=iphonesimulator*]" = YES;
				"INFOPLIST_KEY_UIStatusBarStyle[sdk=iphoneos*]" = UIStatusBarStyleDefault;
				"INFOPLIST_KEY_UIStatusBarStyle[sdk=iphonesimulator*]" = UIStatusBarStyleDefault;
				INFOPLIST_KEY_UISupportedInterfaceOrientations_iPad = "UIInterfaceOrientationPortrait UIInterfaceOrientationPortraitUpsideDown UIInterfaceOrientationLandscapeLeft UIInterfaceOrientationLandscapeRight";
				INFOPLIST_KEY_UISupportedInterfaceOrientations_iPhone = "UIInterfaceOrientationPortrait UIInterfaceOrientationLandscapeLeft UIInterfaceOrientationLandscapeRight";
				IPHONEOS_DEPLOYMENT_TARGET = 17.0;
				LD_RUNPATH_SEARCH_PATHS = "@executable_path/Frameworks";
				"LD_RUNPATH_SEARCH_PATHS[sdk=macosx*]" = "@executable_path/../Frameworks";
				MACOSX_DEPLOYMENT_TARGET = 14.0;
				MARKETING_VERSION = 1.0;
				PRODUCT_BUNDLE_IDENTIFIER = com.foo.Counter;
				PRODUCT_NAME = "$(TARGET_NAME)";
				SDKROOT = auto;
				SUPPORTED_PLATFORMS = "iphoneos iphonesimulator macosx";
				SWIFT_EMIT_LOC_STRINGS = YES;
				SWIFT_VERSION = 5.0;
				TARGETED_DEVICE_FAMILY = "1,2";
			};
			name = Release;
		};
		E3963A482ACA198D0032D4B1 /* Debug */ = {
			isa = XCBuildConfiguration;
			buildSettings = {
				ALWAYS_EMBED_SWIFT_STANDARD_LIBRARIES = YES;
				BUNDLE_LOADER = "$(TEST_HOST)";
				CODE_SIGN_STYLE = Automatic;
				CURRENT_PROJECT_VERSION = 1;
				DEVELOPMENT_TEAM = F63S545Z7W;
				GENERATE_INFOPLIST_FILE = YES;
				IPHONEOS_DEPLOYMENT_TARGET = 17.0;
				MACOSX_DEPLOYMENT_TARGET = 14.0;
				MARKETING_VERSION = 1.0;
				PRODUCT_BUNDLE_IDENTIFIER = com.foo.CounterTests;
				PRODUCT_NAME = "$(TARGET_NAME)";
				SDKROOT = auto;
				SUPPORTED_PLATFORMS = "iphoneos iphonesimulator macosx";
				SWIFT_EMIT_LOC_STRINGS = NO;
				SWIFT_VERSION = 5.0;
				TARGETED_DEVICE_FAMILY = "1,2";
				TEST_HOST = "$(BUILT_PRODUCTS_DIR)/Counter.app/$(BUNDLE_EXECUTABLE_FOLDER_PATH)/Counter";
			};
			name = Debug;
		};
		E3963A492ACA198D0032D4B1 /* Release */ = {
			isa = XCBuildConfiguration;
			buildSettings = {
				ALWAYS_EMBED_SWIFT_STANDARD_LIBRARIES = YES;
				BUNDLE_LOADER = "$(TEST_HOST)";
				CODE_SIGN_STYLE = Automatic;
				CURRENT_PROJECT_VERSION = 1;
				DEVELOPMENT_TEAM = F63S545Z7W;
				GENERATE_INFOPLIST_FILE = YES;
				IPHONEOS_DEPLOYMENT_TARGET = 17.0;
				MACOSX_DEPLOYMENT_TARGET = 14.0;
				MARKETING_VERSION = 1.0;
				PRODUCT_BUNDLE_IDENTIFIER = com.foo.CounterTests;
				PRODUCT_NAME = "$(TARGET_NAME)";
				SDKROOT = auto;
				SUPPORTED_PLATFORMS = "iphoneos iphonesimulator macosx";
				SWIFT_EMIT_LOC_STRINGS = NO;
				SWIFT_VERSION = 5.0;
				TARGETED_DEVICE_FAMILY = "1,2";
				TEST_HOST = "$(BUILT_PRODUCTS_DIR)/Counter.app/$(BUNDLE_EXECUTABLE_FOLDER_PATH)/Counter";
			};
			name = Release;
		};
		E3963A4B2ACA198D0032D4B1 /* Debug */ = {
			isa = XCBuildConfiguration;
			buildSettings = {
				ALWAYS_EMBED_SWIFT_STANDARD_LIBRARIES = YES;
				CODE_SIGN_STYLE = Automatic;
				CURRENT_PROJECT_VERSION = 1;
				DEVELOPMENT_TEAM = F63S545Z7W;
				GENERATE_INFOPLIST_FILE = YES;
				IPHONEOS_DEPLOYMENT_TARGET = 17.0;
				MACOSX_DEPLOYMENT_TARGET = 14.0;
				MARKETING_VERSION = 1.0;
				PRODUCT_BUNDLE_IDENTIFIER = com.foo.CounterUITests;
				PRODUCT_NAME = "$(TARGET_NAME)";
				SDKROOT = auto;
				SUPPORTED_PLATFORMS = "iphoneos iphonesimulator macosx";
				SWIFT_EMIT_LOC_STRINGS = NO;
				SWIFT_VERSION = 5.0;
				TARGETED_DEVICE_FAMILY = "1,2";
				TEST_TARGET_NAME = Counter;
			};
			name = Debug;
		};
		E3963A4C2ACA198D0032D4B1 /* Release */ = {
			isa = XCBuildConfiguration;
			buildSettings = {
				ALWAYS_EMBED_SWIFT_STANDARD_LIBRARIES = YES;
				CODE_SIGN_STYLE = Automatic;
				CURRENT_PROJECT_VERSION = 1;
				DEVELOPMENT_TEAM = F63S545Z7W;
				GENERATE_INFOPLIST_FILE = YES;
				IPHONEOS_DEPLOYMENT_TARGET = 17.0;
				MACOSX_DEPLOYMENT_TARGET = 14.0;
				MARKETING_VERSION = 1.0;
				PRODUCT_BUNDLE_IDENTIFIER = com.foo.CounterUITests;
				PRODUCT_NAME = "$(TARGET_NAME)";
				SDKROOT = auto;
				SUPPORTED_PLATFORMS = "iphoneos iphonesimulator macosx";
				SWIFT_EMIT_LOC_STRINGS = NO;
				SWIFT_VERSION = 5.0;
				TARGETED_DEVICE_FAMILY = "1,2";
				TEST_TARGET_NAME = Counter;
			};
			name = Release;
		};
/* End XCBuildConfiguration section */

/* Begin XCConfigurationList section */
		E3963A1A2ACA198C0032D4B1 /* Build configuration list for PBXProject "Counter" */ = {
			isa = XCConfigurationList;
			buildConfigurations = (
				E3963A422ACA198D0032D4B1 /* Debug */,
				E3963A432ACA198D0032D4B1 /* Release */,
			);
			defaultConfigurationIsVisible = 0;
			defaultConfigurationName = Release;
		};
		E3963A442ACA198D0032D4B1 /* Build configuration list for PBXNativeTarget "Counter" */ = {
			isa = XCConfigurationList;
			buildConfigurations = (
				E3963A452ACA198D0032D4B1 /* Debug */,
				E3963A462ACA198D0032D4B1 /* Release */,
			);
			defaultConfigurationIsVisible = 0;
			defaultConfigurationName = Release;
		};
		E3963A472ACA198D0032D4B1 /* Build configuration list for PBXNativeTarget "CounterTests" */ = {
			isa = XCConfigurationList;
			buildConfigurations = (
				E3963A482ACA198D0032D4B1 /* Debug */,
				E3963A492ACA198D0032D4B1 /* Release */,
			);
			defaultConfigurationIsVisible = 0;
			defaultConfigurationName = Release;
		};
		E3963A4A2ACA198D0032D4B1 /* Build configuration list for PBXNativeTarget "CounterUITests" */ = {
			isa = XCConfigurationList;
			buildConfigurations = (
				E3963A4B2ACA198D0032D4B1 /* Debug */,
				E3963A4C2ACA198D0032D4B1 /* Release */,
			);
			defaultConfigurationIsVisible = 0;
			defaultConfigurationName = Release;
		};
/* End XCConfigurationList section */

/* Begin XCRemoteSwiftPackageReference section */
		E372654C2ACE00CA00E8997D /* XCRemoteSwiftPackageReference "effects-library" */ = {
			isa = XCRemoteSwiftPackageReference;
			repositoryURL = "https://github.com/GetStream/effects-library";
			requirement = {
				kind = upToNextMajorVersion;
				minimumVersion = 1.0.0;
			};
		};
/* End XCRemoteSwiftPackageReference section */

/* Begin XCSwiftPackageProductDependency section */
		E372654D2ACE00CA00E8997D /* EffectsLibrary */ = {
			isa = XCSwiftPackageProductDependency;
			package = E372654C2ACE00CA00E8997D /* XCRemoteSwiftPackageReference "effects-library" */;
			productName = EffectsLibrary;
		};
/* End XCSwiftPackageProductDependency section */
	};
	rootObject = E3963A172ACA198C0032D4B1 /* Project object */;
}
